{
  "name": "avocado_pay",
  "version": "1.0.0",
  "lockfileVersion": 3,
  "requires": true,
  "packages": {
    "": {
      "name": "avocado_pay",
      "version": "1.0.0",
      "license": "ISC",
      "dependencies": {
        "@vkontakte/superappkit": "1.60.6"
      }
    },
    "node_modules/@vkontakte/superappkit": {
      "version": "1.60.6",
      "resolved": "https://registry.npmjs.org/@vkontakte/superappkit/-/superappkit-1.60.6.tgz",
      "integrity": "sha512-GeLmYjhOPIp0dDVsLHy/jRzjkFv8QLaOfQ7XjTiAb9w2/LjRj/uLQar0xPt8Yx+E2vaYhj1HEHqAnpdYpJbURg==",
      "dependencies": {
        "@vkontakte/vkjs": "^0.20.0"
      },
      "engines": {
        "yarn": ">=1.21.1 <=1.22.19"
      }
    },
    "node_modules/@vkontakte/vkjs": {
      "version": "0.20.0",
      "resolved": "https://registry.npmjs.org/@vkontakte/vkjs/-/vkjs-0.20.0.tgz",
      "integrity": "sha512-bocEj9pcr6i6F0LN288xU3PX1MI4OJ3ZJXTa6kFx9IqEgk0CnoMtLAcuH2D7DzZAnc83DJCa/tuo9mT7XW035A=="
    }
  }
}
